
Microsoft Visual Studio Solution File, Format Version 12.00
# Visual Studio Version 17
VisualStudioVersion = 17.9.34728.123
MinimumVisualStudioVersion = 10.0.40219.1
Project("{FAE04EC0-301F-11D3-BF4B-00C04F79EFBC}") = "GradientDescentVisualizer", "GradientDescentVisualizer\GradientDescentVisualizer.csproj", "{486072C7-4274-42CC-92A7-A5D99CCA640B}"
EndProject
Global
	GlobalSection(SolutionConfigurationPlatforms) = preSolution
		Debug|Any CPU = Debug|Any CPU
		Release|Any CPU = Release|Any CPU
	EndGlobalSection
	GlobalSection(ProjectConfigurationPlatforms) = postSolution
		{486072C7-4274-42CC-92A7-A5D99CCA640B}.Debug|Any CPU.ActiveCfg = Debug|Any CPU
		{486072C7-4274-42CC-92A7-A5D99CCA640B}.Debug|Any CPU.Build.0 = Debug|Any CPU
		{486072C7-4274-42CC-92A7-A5D99CCA640B}.Release|Any CPU.ActiveCfg = Release|Any CPU
		{486072C7-4274-42CC-92A7-A5D99CCA640B}.Release|Any CPU.Build.0 = Release|Any CPU
	EndGlobalSection
	GlobalSection(SolutionProperties) = preSolution
		HideSolutionNode = FALSE
	EndGlobalSection
	GlobalSection(ExtensibilityGlobals) = postSolution
		SolutionGuid = {70B7F49C-7363-4189-BF64-961B2EC07CAA}
	EndGlobalSection
EndGlobal
